// !$*UTF8*$!
{
	archiveVersion = 1;
	classes = {
	};
	objectVersion = 50;
	objects = {

/* Begin PBXBuildFile section */
		7C882ED8237B8970001840CA /* AppDelegate.swift in Sources */ = {isa = PBXBuildFile; fileRef = 7C882ED7237B8970001840CA /* AppDelegate.swift */; };
		7C882EDA237B8970001840CA /* SceneDelegate.swift in Sources */ = {isa = PBXBuildFile; fileRef = 7C882ED9237B8970001840CA /* SceneDelegate.swift */; };
		7C882EDF237B8970001840CA /* Main.storyboard in Resources */ = {isa = PBXBuildFile; fileRef = 7C882EDD237B8970001840CA /* Main.storyboard */; };
		7C882EE1237B8978001840CA /* Assets.xcassets in Resources */ = {isa = PBXBuildFile; fileRef = 7C882EE0237B8978001840CA /* Assets.xcassets */; };
		7C882EE4237B8978001840CA /* LaunchScreen.storyboard in Resources */ = {isa = PBXBuildFile; fileRef = 7C882EE2237B8978001840CA /* LaunchScreen.storyboard */; };
		7C882EEC237B89CD001840CA /* TutorialPageViewController.swift in Sources */ = {isa = PBXBuildFile; fileRef = 7C882EEB237B89CD001840CA /* TutorialPageViewController.swift */; };
		7C882EEE237B8F12001840CA /* TutorialViewController.swift in Sources */ = {isa = PBXBuildFile; fileRef = 7C882EED237B8F12001840CA /* TutorialViewController.swift */; };
		7C882EF0237BB2E0001840CA /* TutorialPageViewControllerDelegate.swift in Sources */ = {isa = PBXBuildFile; fileRef = 7C882EEF237BB2E0001840CA /* TutorialPageViewControllerDelegate.swift */; };
		7CCB2D65237F74E600C14F5E /* TabItemViewController.swift in Sources */ = {isa = PBXBuildFile; fileRef = 7CCB2D64237F74E600C14F5E /* TabItemViewController.swift */; };
		7CCB2D67237F775600C14F5E /* GradientViewController.swift in Sources */ = {isa = PBXBuildFile; fileRef = 7CCB2D66237F775600C14F5E /* GradientViewController.swift */; };
/* End PBXBuildFile section */

/* Begin PBXFileReference section */
		7C882ED4237B8970001840CA /* PageViews.app */ = {isa = PBXFileReference; explicitFileType = wrapper.application; includeInIndex = 0; path = PageViews.app; sourceTree = BUILT_PRODUCTS_DIR; };
		7C882ED7237B8970001840CA /* AppDelegate.swift */ = {isa = PBXFileReference; lastKnownFileType = sourcecode.swift; path = AppDelegate.swift; sourceTree = "<group>"; };
		7C882ED9237B8970001840CA /* SceneDelegate.swift */ = {isa = PBXFileReference; lastKnownFileType = sourcecode.swift; path = SceneDelegate.swift; sourceTree = "<group>"; };
		7C882EDE237B8970001840CA /* Base */ = {isa = PBXFileReference; lastKnownFileType = file.storyboard; name = Base; path = Base.lproj/Main.storyboard; sourceTree = "<group>"; };
		7C882EE0237B8978001840CA /* Assets.xcassets */ = {isa = PBXFileReference; lastKnownFileType = folder.assetcatalog; path = Assets.xcassets; sourceTree = "<group>"; };
		7C882EE3237B8978001840CA /* Base */ = {isa = PBXFileReference; lastKnownFileType = file.storyboard; name = Base; path = Base.lproj/LaunchScreen.storyboard; sourceTree = "<group>"; };
		7C882EE5237B8978001840CA /* Info.plist */ = {isa = PBXFileReference; lastKnownFileType = text.plist.xml; path = Info.plist; sourceTree = "<group>"; };
		7C882EEB237B89CD001840CA /* TutorialPageViewController.swift */ = {isa = PBXFileReference; lastKnownFileType = sourcecode.swift; path = TutorialPageViewController.swift; sourceTree = "<group>"; };
		7C882EED237B8F12001840CA /* TutorialViewController.swift */ = {isa = PBXFileReference; lastKnownFileType = sourcecode.swift; path = TutorialViewController.swift; sourceTree = "<group>"; };
		7C882EEF237BB2E0001840CA /* TutorialPageViewControllerDelegate.swift */ = {isa = PBXFileReference; lastKnownFileType = sourcecode.swift; path = TutorialPageViewControllerDelegate.swift; sourceTree = "<group>"; };
		7CCB2D64237F74E600C14F5E /* TabItemViewController.swift */ = {isa = PBXFileReference; lastKnownFileType = sourcecode.swift; path = TabItemViewController.swift; sourceTree = "<group>"; };
		7CCB2D66237F775600C14F5E /* GradientViewController.swift */ = {isa = PBXFileReference; lastKnownFileType = sourcecode.swift; path = GradientViewController.swift; sourceTree = "<group>"; };
/* End PBXFileReference section */

/* Begin PBXFrameworksBuildPhase section */
		7C882ED1237B8970001840CA /* Frameworks */ = {
			isa = PBXFrameworksBuildPhase;
			buildActionMask = 2147483647;
			files = (
			);
			runOnlyForDeploymentPostprocessing = 0;
		};
/* End PBXFrameworksBuildPhase section */

/* Begin PBXGroup section */
		7C882ECB237B8970001840CA = {
			isa = PBXGroup;
			children = (
				7C882ED6237B8970001840CA /* PageViews */,
				7C882ED5237B8970001840CA /* Products */,
			);
			sourceTree = "<group>";
		};
		7C882ED5237B8970001840CA /* Products */ = {
			isa = PBXGroup;
			children = (
				7C882ED4237B8970001840CA /* PageViews.app */,
			);
			name = Products;
			sourceTree = "<group>";
		};
		7C882ED6237B8970001840CA /* PageViews */ = {
			isa = PBXGroup;
			children = (
				7C882ED7237B8970001840CA /* AppDelegate.swift */,
				7C882ED9237B8970001840CA /* SceneDelegate.swift */,
				7C882EEB237B89CD001840CA /* TutorialPageViewController.swift */,
				7C882EEF237BB2E0001840CA /* TutorialPageViewControllerDelegate.swift */,
				7C882EED237B8F12001840CA /* TutorialViewController.swift */,
				7CCB2D64237F74E600C14F5E /* TabItemViewController.swift */,
				7CCB2D66237F775600C14F5E /* GradientViewController.swift */,
				7C882EDD237B8970001840CA /* Main.storyboard */,
				7C882EE0237B8978001840CA /* Assets.xcassets */,
				7C882EE2237B8978001840CA /* LaunchScreen.storyboard */,
				7C882EE5237B8978001840CA /* Info.plist */,
			);
			path = PageViews;
			sourceTree = "<group>";
		};
/* End PBXGroup section */

/* Begin PBXNativeTarget section */
		7C882ED3237B8970001840CA /* PageViews */ = {
			isa = PBXNativeTarget;
			buildConfigurationList = 7C882EE8237B8978001840CA /* Build configuration list for PBXNativeTarget "PageViews" */;
			buildPhases = (
				7C882ED0237B8970001840CA /* Sources */,
				7C882ED1237B8970001840CA /* Frameworks */,
				7C882ED2237B8970001840CA /* Resources */,
			);
			buildRules = (
			);
			dependencies = (
			);
			name = PageViews;
			productName = PageViews;
			productReference = 7C882ED4237B8970001840CA /* PageViews.app */;
			productType = "com.apple.product-type.application";
		};
/* End PBXNativeTarget section */

/* Begin PBXProject section */
		7C882ECC237B8970001840CA /* Project object */ = {
			isa = PBXProject;
			attributes = {
				LastSwiftUpdateCheck = 1120;
				LastUpgradeCheck = 1120;
				ORGANIZATIONNAME = "Frank Aceves";
				TargetAttributes = {
					7C882ED3237B8970001840CA = {
						CreatedOnToolsVersion = 11.2;
					};
				};
			};
			buildConfigurationList = 7C882ECF237B8970001840CA /* Build configuration list for PBXProject "PageViews" */;
			compatibilityVersion = "Xcode 9.3";
			developmentRegion = en;
			hasScannedForEncodings = 0;
			knownRegions = (
				en,
				Base,
			);
			mainGroup = 7C882ECB237B8970001840CA;
			productRefGroup = 7C882ED5237B8970001840CA /* Products */;
			projectDirPath = "";
			projectRoot = "";
			targets = (
				7C882ED3237B8970001840CA /* PageViews */,
			);
		};
/* End PBXProject section */

/* Begin PBXResourcesBuildPhase section */
		7C882ED2237B8970001840CA /* Resources */ = {
			isa = PBXResourcesBuildPhase;
			buildActionMask = 2147483647;
			files = (
				7C882EE4237B8978001840CA /* LaunchScreen.storyboard in Resources */,
				7C882EE1237B8978001840CA /* Assets.xcassets in Resources */,
				7C882EDF237B8970001840CA /* Main.storyboard in Resources */,
			);
			runOnlyForDeploymentPostprocessing = 0;
		};
/* End PBXResourcesBuildPhase section */

/* Begin PBXSourcesBuildPhase section */
		7C882ED0237B8970001840CA /* Sources */ = {
			isa = PBXSourcesBuildPhase;
			buildActionMask = 2147483647;
			files = (
				7C882ED8237B8970001840CA /* AppDelegate.swift in Sources */,
				7C882EDA237B8970001840CA /* SceneDelegate.swift in Sources */,
				7C882EEE237B8F12001840CA /* TutorialViewController.swift in Sources */,
				7CCB2D67237F775600C14F5E /* GradientViewController.swift in Sources */,
				7CCB2D65237F74E600C14F5E /* TabItemViewController.swift in Sources */,
				7C882EF0237BB2E0001840CA /* TutorialPageViewControllerDelegate.swift in Sources */,
				7C882EEC237B89CD001840CA /* TutorialPageViewController.swift in Sources */,
			);
			runOnlyForDeploymentPostprocessing = 0;
		};
/* End PBXSourcesBuildPhase section */

/* Begin PBXVariantGroup section */
		7C882EDD237B8970001840CA /* Main.storyboard */ = {
			isa = PBXVariantGroup;
			children = (
				7C882EDE237B8970001840CA /* Base */,
			);
			name = Main.storyboard;
			sourceTree = "<group>";
		};
		7C882EE2237B8978001840CA /* LaunchScreen.storyboard */ = {
			isa = PBXVariantGroup;
			children = (
				7C882EE3237B8978001840CA /* Base */,
			);
			name = LaunchScreen.storyboard;
			sourceTree = "<group>";
		};
/* End PBXVariantGroup section */

/* Begin XCBuildConfiguration section */
		7C882EE6237B8978001840CA /* Debug */ = {
			isa = XCBuildConfiguration;
			buildSettings = {
				ALWAYS_SEARCH_USER_PATHS = NO;
				CLANG_ANALYZER_NONNULL = YES;
				CLANG_ANALYZER_NUMBER_OBJECT_CONVERSION = YES_AGGRESSIVE;
				CLANG_CXX_LANGUAGE_STANDARD = "gnu++14";
				CLANG_CXX_LIBRARY = "libc++";
				CLANG_ENABLE_MODULES = YES;
				CLANG_ENABLE_OBJC_ARC = YES;
				CLANG_ENABLE_OBJC_WEAK = YES;
				CLANG_WARN_BLOCK_CAPTURE_AUTORELEASING = YES;
				CLANG_WARN_BOOL_CONVERSION = YES;
				CLANG_WARN_COMMA = YES;
				CLANG_WARN_CONSTANT_CONVERSION = YES;
				CLANG_WARN_DEPRECATED_OBJC_IMPLEMENTATIONS = YES;
				CLANG_WARN_DIRECT_OBJC_ISA_USAGE = YES_ERROR;
				CLANG_WARN_DOCUMENTATION_COMMENTS = YES;
				CLANG_WARN_EMPTY_BODY = YES;
				CLANG_WARN_ENUM_CONVERSION = YES;
				CLANG_WARN_INFINITE_RECURSION = YES;
				CLANG_WARN_INT_CONVERSION = YES;
				CLANG_WARN_NON_LITERAL_NULL_CONVERSION = YES;
				CLANG_WARN_OBJC_IMPLICIT_RETAIN_SELF = YES;
				CLANG_WARN_OBJC_LITERAL_CONVERSION = YES;
				CLANG_WARN_OBJC_ROOT_CLASS = YES_ERROR;
				CLANG_WARN_RANGE_LOOP_ANALYSIS = YES;
				CLANG_WARN_STRICT_PROTOTYPES = YES;
				CLANG_WARN_SUSPICIOUS_MOVE = YES;
				CLANG_WARN_UNGUARDED_AVAILABILITY = YES_AGGRESSIVE;
				CLANG_WARN_UNREACHABLE_CODE = YES;
				CLANG_WARN__DUPLICATE_METHOD_MATCH = YES;
				COPY_PHASE_STRIP = NO;
				DEBUG_INFORMATION_FORMAT = dwarf;
				ENABLE_STRICT_OBJC_MSGSEND = YES;
				ENABLE_TESTABILITY = YES;
				GCC_C_LANGUAGE_STANDARD = gnu11;
				GCC_DYNAMIC_NO_PIC = NO;
				GCC_NO_COMMON_BLOCKS = YES;
				GCC_OPTIMIZATION_LEVEL = 0;
				GCC_PREPROCESSOR_DEFINITIONS = (
					"DEBUG=1",
					"$(inherited)",
				);
				GCC_WARN_64_TO_32_BIT_CONVERSION = YES;
				GCC_WARN_ABOUT_RETURN_TYPE = YES_ERROR;
				GCC_WARN_UNDECLARED_SELECTOR = YES;
				GCC_WARN_UNINITIALIZED_AUTOS = YES_AGGRESSIVE;
				GCC_WARN_UNUSED_FUNCTION = YES;
				GCC_WARN_UNUSED_VARIABLE = YES;
				IPHONEOS_DEPLOYMENT_TARGET = 13.2;
				MTL_ENABLE_DEBUG_INFO = INCLUDE_SOURCE;
				MTL_FAST_MATH = YES;
				ONLY_ACTIVE_ARCH = YES;
				SDKROOT = iphoneos;
				SWIFT_ACTIVE_COMPILATION_CONDITIONS = DEBUG;
				SWIFT_OPTIMIZATION_LEVEL = "-Onone";
			};
			name = Debug;
		};
		7C882EE7237B8978001840CA /* Release */ = {
			isa = XCBuildConfiguration;
			buildSettings = {
				ALWAYS_SEARCH_USER_PATHS = NO;
				CLANG_ANALYZER_NONNULL = YES;
				CLANG_ANALYZER_NUMBER_OBJECT_CONVERSION = YES_AGGRESSIVE;
				CLANG_CXX_LANGUAGE_STANDARD = "gnu++14";
				CLANG_CXX_LIBRARY = "libc++";
				CLANG_ENABLE_MODULES = YES;
				CLANG_ENABLE_OBJC_ARC = YES;
				CLANG_ENABLE_OBJC_WEAK = YES;
				CLANG_WARN_BLOCK_CAPTURE_AUTORELEASING = YES;
				CLANG_WARN_BOOL_CONVERSION = YES;
				CLANG_WARN_COMMA = YES;
				CLANG_WARN_CONSTANT_CONVERSION = YES;
				CLANG_WARN_DEPRECATED_OBJC_IMPLEMENTATIONS = YES;
				CLANG_WARN_DIRECT_OBJC_ISA_USAGE = YES_ERROR;
				CLANG_WARN_DOCUMENTATION_COMMENTS = YES;
				CLANG_WARN_EMPTY_BODY = YES;
				CLANG_WARN_ENUM_CONVERSION = YES;
				CLANG_WARN_INFINITE_RECURSION = YES;
				CLANG_WARN_INT_CONVERSION = YES;
				CLANG_WARN_NON_LITERAL_NULL_CONVERSION = YES;
				CLANG_WARN_OBJC_IMPLICIT_RETAIN_SELF = YES;
				CLANG_WARN_OBJC_LITERAL_CONVERSION = YES;
				CLANG_WARN_OBJC_ROOT_CLASS = YES_ERROR;
				CLANG_WARN_RANGE_LOOP_ANALYSIS = YES;
				CLANG_WARN_STRICT_PROTOTYPES = YES;
				CLANG_WARN_SUSPICIOUS_MOVE = YES;
				CLANG_WARN_UNGUARDED_AVAILABILITY = YES_AGGRESSIVE;
				CLANG_WARN_UNREACHABLE_CODE = YES;
				CLANG_WARN__DUPLICATE_METHOD_MATCH = YES;
				COPY_PHASE_STRIP = NO;
				DEBUG_INFORMATION_FORMAT = "dwarf-with-dsym";
				ENABLE_NS_ASSERTIONS = NO;
				ENABLE_STRICT_OBJC_MSGSEND = YES;
				GCC_C_LANGUAGE_STANDARD = gnu11;
				GCC_NO_COMMON_BLOCKS = YES;
				GCC_WARN_64_TO_32_BIT_CONVERSION = YES;
				GCC_WARN_ABOUT_RETURN_TYPE = YES_ERROR;
				GCC_WARN_UNDECLARED_SELECTOR = YES;
				GCC_WARN_UNINITIALIZED_AUTOS = YES_AGGRESSIVE;
				GCC_WARN_UNUSED_FUNCTION = YES;
				GCC_WARN_UNUSED_VARIABLE = YES;
				IPHONEOS_DEPLOYMENT_TARGET = 13.2;
				MTL_ENABLE_DEBUG_INFO = NO;
				MTL_FAST_MATH = YES;
				SDKROOT = iphoneos;
				SWIFT_COMPILATION_MODE = wholemodule;
				SWIFT_OPTIMIZATION_LEVEL = "-O";
				VALIDATE_PRODUCT = YES;
			};
			name = Release;
		};
		7C882EE9237B8978001840CA /* Debug */ = {
			isa = XCBuildConfiguration;
			buildSettings = {
				ASSETCATALOG_COMPILER_APPICON_NAME = AppIcon;
				CODE_SIGN_STYLE = Automatic;
				DEVELOPMENT_TEAM = 5K24LXXJ4P;
				INFOPLIST_FILE = PageViews/Info.plist;
				IPHONEOS_DEPLOYMENT_TARGET = 13.1;
				LD_RUNPATH_SEARCH_PATHS = (
					"$(inherited)",
					"@executable_path/Frameworks",
				);
				PRODUCT_BUNDLE_IDENTIFIER = com.frankaceves.PageViews;
				PRODUCT_NAME = "$(TARGET_NAME)";
				SWIFT_VERSION = 5.0;
				TARGETED_DEVICE_FAMILY = "1,2";
			};
			name = Debug;
		};
		7C882EEA237B8978001840CA /* Release */ = {
			isa = XCBuildConfiguration;
			buildSettings = {
				ASSETCATALOG_COMPILER_APPICON_NAME = AppIcon;
				CODE_SIGN_STYLE = Automatic;
				DEVELOPMENT_TEAM = 5K24LXXJ4P;
				INFOPLIST_FILE = PageViews/Info.plist;
				IPHONEOS_DEPLOYMENT_TARGET = 13.1;
				LD_RUNPATH_SEARCH_PATHS = (
					"$(inherited)",
					"@executable_path/Frameworks",
				);
				PRODUCT_BUNDLE_IDENTIFIER = com.frankaceves.PageViews;
				PRODUCT_NAME = "$(TARGET_NAME)";
				SWIFT_VERSION = 5.0;
				TARGETED_DEVICE_FAMILY = "1,2";
			};
			name = Release;
		};
/* End XCBuildConfiguration section */

/* Begin XCConfigurationList section */
		7C882ECF237B8970001840CA /* Build configuration list for PBXProject "PageViews" */ = {
			isa = XCConfigurationList;
			buildConfigurations = (
				7C882EE6237B8978001840CA /* Debug */,
				7C882EE7237B8978001840CA /* Release */,
			);
			defaultConfigurationIsVisible = 0;
			defaultConfigurationName = Release;
		};
		7C882EE8237B8978001840CA /* Build configuration list for PBXNativeTarget "PageViews" */ = {
			isa = XCConfigurationList;
			buildConfigurations = (
				7C882EE9237B8978001840CA /* Debug */,
				7C882EEA237B8978001840CA /* Release */,
			);
			defaultConfigurationIsVisible = 0;
			defaultConfigurationName = Release;
		};
/* End XCConfigurationList section */
	};
	rootObject = 7C882ECC237B8970001840CA /* Project object */;
}
